
Microsoft Visual Studio Solution File, Format Version 12.00
# Visual Studio 15
VisualStudioVersion = 15.0.27703.2018
MinimumVisualStudioVersion = 10.0.40219.1
Project("{FAE04EC0-301F-11D3-BF4B-00C04F79EFBC}") = "MyFirstUnitTestTutorial", "MyFirstUnitTestTutorial\MyFirstUnitTestTutorial.csproj", "{6E94F834-C8F5-45A2-B472-57956B6BF7AF}"
EndProject
Project("{FAE04EC0-301F-11D3-BF4B-00C04F79EFBC}") = "MyFirstUnitTestTutorial.Tests", "MyFirstUnitTestTutorial.Tests\MyFirstUnitTestTutorial.Tests.csproj", "{144DA509-9DE3-4A2E-B70E-B3B6BC8BFBF7}"
EndProject
Global
	GlobalSection(SolutionConfigurationPlatforms) = preSolution
		Debug|Any CPU = Debug|Any CPU
		Release|Any CPU = Release|Any CPU
	EndGlobalSection
	GlobalSection(ProjectConfigurationPlatforms) = postSolution
		{6E94F834-C8F5-45A2-B472-57956B6BF7AF}.Debug|Any CPU.ActiveCfg = Debug|Any CPU
		{6E94F834-C8F5-45A2-B472-57956B6BF7AF}.Debug|Any CPU.Build.0 = Debug|Any CPU
		{6E94F834-C8F5-45A2-B472-57956B6BF7AF}.Release|Any CPU.ActiveCfg = Release|Any CPU
		{6E94F834-C8F5-45A2-B472-57956B6BF7AF}.Release|Any CPU.Build.0 = Release|Any CPU
		{144DA509-9DE3-4A2E-B70E-B3B6BC8BFBF7}.Debug|Any CPU.ActiveCfg = Debug|Any CPU
		{144DA509-9DE3-4A2E-B70E-B3B6BC8BFBF7}.Debug|Any CPU.Build.0 = Debug|Any CPU
		{144DA509-9DE3-4A2E-B70E-B3B6BC8BFBF7}.Release|Any CPU.ActiveCfg = Release|Any CPU
		{144DA509-9DE3-4A2E-B70E-B3B6BC8BFBF7}.Release|Any CPU.Build.0 = Release|Any CPU
	EndGlobalSection
	GlobalSection(SolutionProperties) = preSolution
		HideSolutionNode = FALSE
	EndGlobalSection
	GlobalSection(ExtensibilityGlobals) = postSolution
		SolutionGuid = {1F86EA63-B0F0-405C-A4F7-57871AF105BA}
	EndGlobalSection
EndGlobal
